{
  "pins" : [
    {
      "identity" : "kingfisher",
      "kind" : "remoteSourceControl",
      "location" : "https://github.com/onevcat/Kingfisher.git",
      "state" : {
        "branch" : "master",
        "revision" : "00b7d50f20a183929676b3544786fa4db69e331d"
      }
    }
  ],
  "version" : 2
}
